
Microsoft Visual Studio Solution File, Format Version 12.00
# Visual Studio 15
VisualStudioVersion = 15.0.27004.2008
MinimumVisualStudioVersion = 10.0.40219.1
Project("{FAE04EC0-301F-11D3-BF4B-00C04F79EFBC}") = "InoxErp.Core", "UIWindows\InoxErp.Core.csproj", "{CF73ACF0-6C33-48FD-B5A3-1FAB4281B8C9}"
EndProject
Project("{54435603-DBB4-11D2-8724-00A0C9A8B90C}") = "InoxErpInstaller", "InoxErpInstaller\InoxErpInstaller.vdproj", "{E3C70FB6-2E4F-4129-BA87-ECC514331DB3}"
EndProject
Global
	GlobalSection(SolutionConfigurationPlatforms) = preSolution
		Debug|Any CPU = Debug|Any CPU
		Debug|x86 = Debug|x86
		Release|Any CPU = Release|Any CPU
		Release|x86 = Release|x86
	EndGlobalSection
	GlobalSection(ProjectConfigurationPlatforms) = postSolution
		{CF73ACF0-6C33-48FD-B5A3-1FAB4281B8C9}.Debug|Any CPU.ActiveCfg = Debug|Any CPU
		{CF73ACF0-6C33-48FD-B5A3-1FAB4281B8C9}.Debug|Any CPU.Build.0 = Debug|Any CPU
		{CF73ACF0-6C33-48FD-B5A3-1FAB4281B8C9}.Debug|x86.ActiveCfg = Debug|x86
		{CF73ACF0-6C33-48FD-B5A3-1FAB4281B8C9}.Debug|x86.Build.0 = Debug|x86
		{CF73ACF0-6C33-48FD-B5A3-1FAB4281B8C9}.Release|Any CPU.ActiveCfg = Release|Any CPU
		{CF73ACF0-6C33-48FD-B5A3-1FAB4281B8C9}.Release|Any CPU.Build.0 = Release|Any CPU
		{CF73ACF0-6C33-48FD-B5A3-1FAB4281B8C9}.Release|x86.ActiveCfg = Release|x86
		{CF73ACF0-6C33-48FD-B5A3-1FAB4281B8C9}.Release|x86.Build.0 = Release|x86
		{E3C70FB6-2E4F-4129-BA87-ECC514331DB3}.Debug|Any CPU.ActiveCfg = Debug
		{E3C70FB6-2E4F-4129-BA87-ECC514331DB3}.Debug|x86.ActiveCfg = Debug
		{E3C70FB6-2E4F-4129-BA87-ECC514331DB3}.Debug|x86.Build.0 = Debug
		{E3C70FB6-2E4F-4129-BA87-ECC514331DB3}.Release|Any CPU.ActiveCfg = Release
		{E3C70FB6-2E4F-4129-BA87-ECC514331DB3}.Release|x86.ActiveCfg = Release
		{E3C70FB6-2E4F-4129-BA87-ECC514331DB3}.Release|x86.Build.0 = Release
	EndGlobalSection
	GlobalSection(SolutionProperties) = preSolution
		HideSolutionNode = FALSE
	EndGlobalSection
	GlobalSection(ExtensibilityGlobals) = postSolution
		SolutionGuid = {CA603EE7-A72B-4353-AB4D-D13F082FAAC0}
	EndGlobalSection
EndGlobal
